lockfileVersion: '9.0'

settings:
  autoInstallPeers: true
  excludeLinksFromLockfile: false

importers:

  .:
    dependencies:
      aws-cdk-lib:
        specifier: 2.196.0
        version: 2.196.0(constructs@10.4.2)
      constructs:
        specifier: ^10.4.2
        version: 10.4.2
    devDependencies:
      aws-cdk:
        specifier: 2.1021.0
        version: 2.1021.0

packages:

  '@aws-cdk/asset-awscli-v1@2.2.236':
    resolution: {integrity: sha512-BjqQVGYsVuS4VXdrezDapSd6P7soEdWJoXl1S8X7l0uLtVX9WvpmCylZKOJDrJblK5MNe1Vq9wUI91LBzzOi8A==}

  '@aws-cdk/asset-node-proxy-agent-v6@2.1.0':
    resolution: {integrity: sha512-7bY3J8GCVxLupn/kNmpPc5VJz8grx+4RKfnnJiO1LG+uxkZfANZG3RMHhE+qQxxwkyQ9/MfPtTpf748UhR425A==}

  '@aws-cdk/cloud-assembly-schema@41.2.0':
    resolution: {integrity: sha512-JaulVS6z9y5+u4jNmoWbHZRs9uGOnmn/ktXygNWKNu1k6lF3ad4so3s18eRu15XCbUIomxN9WPYT6Ehh7hzONw==}
    engines: {node: '>= 14.15.0'}
    bundledDependencies:
      - jsonschema
      - semver

  aws-cdk-lib@2.196.0:
    resolution: {integrity: sha512-CAy0ahDpUHuYArP0vhDrOZ9OUSyRAznCcKcbETJOPr438QZUCyv+tRVgk8VP5lFW1JuV9sNzIvxdZcsNVSCF7g==}
    engines: {node: '>= 14.15.0'}
    peerDependencies:
      constructs: ^10.0.0
    bundledDependencies:
      - '@balena/dockerignore'
      - case
      - fs-extra
      - ignore
      - jsonschema
      - minimatch
      - punycode
      - semver
      - table
      - yaml
      - mime-types

  aws-cdk@2.1021.0:
    resolution: {integrity: sha512-kE557b4N9UFWax+7km3R6D56o4tGhpzOks/lRDugaoC8su3mocLCXJhb954b/IRl0ipnbZnY/Sftq+RQ/sxivg==}
    engines: {node: '>= 18.0.0'}
    hasBin: true

  constructs@10.4.2:
    resolution: {integrity: sha512-wsNxBlAott2qg8Zv87q3eYZYgheb9lchtBfjHzzLHtXbttwSrHPs1NNQbBrmbb1YZvYg2+Vh0Dor76w4mFxJkA==}

  fsevents@2.3.2:
    resolution: {integrity: sha512-xiqMQR4xAeHTuB9uWm+fFRcIOgKBMiOBP+eXiyT7jsgVCq1bkVygt00oASowB7EdtpOHaaPgKt812P9ab+DDKA==}
    engines: {node: ^8.16.0 || ^10.6.0 || >=11.0.0}
    os: [darwin]

snapshots:

  '@aws-cdk/asset-awscli-v1@2.2.236': {}

  '@aws-cdk/asset-node-proxy-agent-v6@2.1.0': {}

  '@aws-cdk/cloud-assembly-schema@41.2.0': {}

  aws-cdk-lib@2.196.0(constructs@10.4.2):
    dependencies:
      '@aws-cdk/asset-awscli-v1': 2.2.236
      '@aws-cdk/asset-node-proxy-agent-v6': 2.1.0
      '@aws-cdk/cloud-assembly-schema': 41.2.0
      constructs: 10.4.2

  aws-cdk@2.1021.0:
    optionalDependencies:
      fsevents: 2.3.2

  constructs@10.4.2: {}

  fsevents@2.3.2:
    optional: true
